{
    "_readme": [
        "This file locks the dependencies of your project to a known state",
        "Read more about it at https://getcomposer.org/doc/01-basic-usage.md#installing-dependencies",
        "This file is @generated automatically"
    ],
    "content-hash": "ea20df8162ba86ccb2a72d60b5f38f5a",
    "packages": [
        {
            "name": "king23/king23",
            "version": "0.1.0",
            "source": {
                "type": "git",
                "url": "https://github.com/ppetermann/king23.git",
                "reference": "8fe220f2ad0109be7d6ef4f4e809dfe5a8a82498"
            },
            "dist": {
                "type": "zip",
                "url": "https://api.github.com/repos/ppetermann/king23/zipball/8fe220f2ad0109be7d6ef4f4e809dfe5a8a82498",
                "reference": "8fe220f2ad0109be7d6ef4f4e809dfe5a8a82498",
                "shasum": ""
            },
            "require": {
                "twig/twig": "1.8.3"
            },
            "suggest": {
                "doctrine/doctrine1": "1.2.*",
                "king23/project_template": "0.1.0"
            },
            "bin": [
                "bin/king23"
            ],
            "type": "library",
            "autoload": {
                "psr-0": {
                    "King23": "lib/"
                }
            },
            "notification-url": "https://packagist.org/downloads/",
            "license": [
                "MIT"
            ],
            "authors": [
                {
                    "name": "Peter Petermann",
                    "email": "ppetermann80@googlemail.com",
                    "homepage": "http://devedge.eu"
                }
            ],
            "description": "the King23 Framework",
            "homepage": "http://king23.net",
            "keywords": [
                "framework",
                "king23"
            ],
            "support": {
                "issues": "https://github.com/ppetermann/king23/issues",
                "source": "https://github.com/ppetermann/king23/tree/0.1.0"
            },
            "time": "2012-07-08T06:16:49+00:00"
        },
        {
            "name": "twig/twig",
            "version": "v1.8.3",
            "source": {
                "type": "git",
                "url": "https://github.com/twigphp/Twig.git",
                "reference": "147e5d6d60fb1214f63001e0b86ed2f765276e7d"
            },
            "dist": {
                "type": "zip",
                "url": "https://api.github.com/repos/twigphp/Twig/zipball/147e5d6d60fb1214f63001e0b86ed2f765276e7d",
                "reference": "147e5d6d60fb1214f63001e0b86ed2f765276e7d",
                "shasum": ""
            },
            "require": {
                "php": ">=5.2.4"
            },
            "type": "library",
            "extra": {
                "branch-alias": {
                    "dev-master": "1.8-dev"
                }
            },
            "autoload": {
                "psr-0": {
                    "Twig_": "lib/"
                }
            },
            "notification-url": "https://packagist.org/downloads/",
            "license": [
                "BSD-3"
            ],
            "authors": [
                {
                    "name": "Fabien Potencier",
                    "email": "fabien@symfony.com"
                },
                {
                    "name": "Armin Ronacher",
                    "email": "armin.ronacher@active-4.com"
                }
            ],
            "description": "Twig, the flexible, fast, and secure template language for PHP",
            "homepage": "http://twig.sensiolabs.org",
            "keywords": [
                "templating"
            ],
            "support": {
                "issues": "https://github.com/twigphp/Twig/issues",
                "source": "https://github.com/twigphp/Twig/tree/v1.8.3"
            },
            "time": "2012-06-17T18:48:16+00:00"
        }
    ],
    "packages-dev": [],
    "aliases": [],
    "minimum-stability": "stable",
    "stability-flags": [],
    "prefer-stable": false,
    "prefer-lowest": false,
    "platform": [],
    "platform-dev": [],
    "plugin-api-version": "2.6.0"
}
